
Microsoft Visual Studio Solution File, Format Version 12.00
# Visual Studio Version 17
VisualStudioVersion = 17.10.34916.146
MinimumVisualStudioVersion = 10.0.40219.1
Project("{FAE04EC0-301F-11D3-BF4B-00C04F79EFBC}") = "StudentManagementSystem", "StudentManagementSystem\StudentManagementSystem.csproj", "{AAD980CC-DDCC-4C70-AF88-707E4D72283E}"
EndProject
Global
	GlobalSection(SolutionConfigurationPlatforms) = preSolution
		Debug|Any CPU = Debug|Any CPU
		Release|Any CPU = Release|Any CPU
	EndGlobalSection
	GlobalSection(ProjectConfigurationPlatforms) = postSolution
		{AAD980CC-DDCC-4C70-AF88-707E4D72283E}.Debug|Any CPU.ActiveCfg = Debug|Any CPU
		{AAD980CC-DDCC-4C70-AF88-707E4D72283E}.Debug|Any CPU.Build.0 = Debug|Any CPU
		{AAD980CC-DDCC-4C70-AF88-707E4D72283E}.Release|Any CPU.ActiveCfg = Release|Any CPU
		{AAD980CC-DDCC-4C70-AF88-707E4D72283E}.Release|Any CPU.Build.0 = Release|Any CPU
	EndGlobalSection
	GlobalSection(SolutionProperties) = preSolution
		HideSolutionNode = FALSE
	EndGlobalSection
	GlobalSection(ExtensibilityGlobals) = postSolution
		SolutionGuid = {11532C2F-4246-43F2-AFCE-16733950EB90}
	EndGlobalSection
EndGlobal
